
Microsoft Visual Studio Solution File, Format Version 12.00
# Visual Studio Version 16
VisualStudioVersion = 16.0.31321.278
MinimumVisualStudioVersion = 10.0.40219.1
Project("{9A19103F-16F7-4668-BE54-9A1E7A4F7556}") = "PaymentSystem", "PaymentSystem\PaymentSystem.csproj", "{6D377DD0-5EBE-4AFC-B459-138B00EF4184}"
EndProject
Project("{FAE04EC0-301F-11D3-BF4B-00C04F79EFBC}") = "PaymentSystemTests", "PaymentSystemTests\PaymentSystemTests.csproj", "{D907BD7B-3413-4801-9660-4FD42574E767}"
EndProject
Global
	GlobalSection(SolutionConfigurationPlatforms) = preSolution
		Debug|Any CPU = Debug|Any CPU
		Release|Any CPU = Release|Any CPU
	EndGlobalSection
	GlobalSection(ProjectConfigurationPlatforms) = postSolution
		{6D377DD0-5EBE-4AFC-B459-138B00EF4184}.Debug|Any CPU.ActiveCfg = Debug|Any CPU
		{6D377DD0-5EBE-4AFC-B459-138B00EF4184}.Debug|Any CPU.Build.0 = Debug|Any CPU
		{6D377DD0-5EBE-4AFC-B459-138B00EF4184}.Release|Any CPU.ActiveCfg = Release|Any CPU
		{6D377DD0-5EBE-4AFC-B459-138B00EF4184}.Release|Any CPU.Build.0 = Release|Any CPU
		{D907BD7B-3413-4801-9660-4FD42574E767}.Debug|Any CPU.ActiveCfg = Debug|Any CPU
		{D907BD7B-3413-4801-9660-4FD42574E767}.Debug|Any CPU.Build.0 = Debug|Any CPU
		{D907BD7B-3413-4801-9660-4FD42574E767}.Release|Any CPU.ActiveCfg = Release|Any CPU
		{D907BD7B-3413-4801-9660-4FD42574E767}.Release|Any CPU.Build.0 = Release|Any CPU
	EndGlobalSection
	GlobalSection(SolutionProperties) = preSolution
		HideSolutionNode = FALSE
	EndGlobalSection
	GlobalSection(ExtensibilityGlobals) = postSolution
		SolutionGuid = {BD9C0A33-DA30-41F8-929A-EFBFD5897ABD}
	EndGlobalSection
EndGlobal
